{
  "name": "url_shortner",
  "version": "1.0.0",
  "lockfileVersion": 1,
  "requires": true,
  "dependencies": {
    "nanoid": {
      "version": "3.1.29",
      "resolved": "https://registry.npmjs.org/nanoid/-/nanoid-3.1.29.tgz",
      "integrity": "sha512-dW2pUSGZ8ZnCFIlBIA31SV8huOGCHb6OwzVCc7A69rb/a+SgPBwfmLvK5TKQ3INPbRkcI8a/Owo0XbiTNH19wg=="
    }
  }
}
